
Microsoft Visual Studio Solution File, Format Version 12.00
# Visual Studio Version 17
VisualStudioVersion = 17.5.33424.131
MinimumVisualStudioVersion = 10.0.40219.1
Project("{FAE04EC0-301F-11D3-BF4B-00C04F79EFBC}") = "practica47", "practica47\practica47.csproj", "{34A8BA1E-123D-40E2-A05C-71434BF69B9B}"
EndProject
Global
	GlobalSection(SolutionConfigurationPlatforms) = preSolution
		Debug|Any CPU = Debug|Any CPU
		Release|Any CPU = Release|Any CPU
	EndGlobalSection
	GlobalSection(ProjectConfigurationPlatforms) = postSolution
		{34A8BA1E-123D-40E2-A05C-71434BF69B9B}.Debug|Any CPU.ActiveCfg = Debug|Any CPU
		{34A8BA1E-123D-40E2-A05C-71434BF69B9B}.Debug|Any CPU.Build.0 = Debug|Any CPU
		{34A8BA1E-123D-40E2-A05C-71434BF69B9B}.Release|Any CPU.ActiveCfg = Release|Any CPU
		{34A8BA1E-123D-40E2-A05C-71434BF69B9B}.Release|Any CPU.Build.0 = Release|Any CPU
	EndGlobalSection
	GlobalSection(SolutionProperties) = preSolution
		HideSolutionNode = FALSE
	EndGlobalSection
	GlobalSection(ExtensibilityGlobals) = postSolution
		SolutionGuid = {E961B1D7-3B70-4FDD-8F4C-D4B049FE6F47}
	EndGlobalSection
EndGlobal
