
Microsoft Visual Studio Solution File, Format Version 12.00
# Visual Studio Version 17
VisualStudioVersion = 17.5.33424.131
MinimumVisualStudioVersion = 10.0.40219.1
Project("{FAE04EC0-301F-11D3-BF4B-00C04F79EFBC}") = "practica17", "practica17\practica17.csproj", "{97415892-7AA8-4BDD-8ED9-A5371757AFCB}"
EndProject
Global
	GlobalSection(SolutionConfigurationPlatforms) = preSolution
		Debug|Any CPU = Debug|Any CPU
		Release|Any CPU = Release|Any CPU
	EndGlobalSection
	GlobalSection(ProjectConfigurationPlatforms) = postSolution
		{97415892-7AA8-4BDD-8ED9-A5371757AFCB}.Debug|Any CPU.ActiveCfg = Debug|Any CPU
		{97415892-7AA8-4BDD-8ED9-A5371757AFCB}.Debug|Any CPU.Build.0 = Debug|Any CPU
		{97415892-7AA8-4BDD-8ED9-A5371757AFCB}.Release|Any CPU.ActiveCfg = Release|Any CPU
		{97415892-7AA8-4BDD-8ED9-A5371757AFCB}.Release|Any CPU.Build.0 = Release|Any CPU
	EndGlobalSection
	GlobalSection(SolutionProperties) = preSolution
		HideSolutionNode = FALSE
	EndGlobalSection
	GlobalSection(ExtensibilityGlobals) = postSolution
		SolutionGuid = {4349CB4A-2E75-4F38-A42A-47CA15C44C59}
	EndGlobalSection
EndGlobal
