
Microsoft Visual Studio Solution File, Format Version 12.00
# Visual Studio Version 17
VisualStudioVersion = 17.5.33424.131
MinimumVisualStudioVersion = 10.0.40219.1
Project("{FAE04EC0-301F-11D3-BF4B-00C04F79EFBC}") = "practica48", "practica48\practica48.csproj", "{A1809B0B-EEFA-4B76-843A-B064FA2283F8}"
EndProject
Global
	GlobalSection(SolutionConfigurationPlatforms) = preSolution
		Debug|Any CPU = Debug|Any CPU
		Release|Any CPU = Release|Any CPU
	EndGlobalSection
	GlobalSection(ProjectConfigurationPlatforms) = postSolution
		{A1809B0B-EEFA-4B76-843A-B064FA2283F8}.Debug|Any CPU.ActiveCfg = Debug|Any CPU
		{A1809B0B-EEFA-4B76-843A-B064FA2283F8}.Debug|Any CPU.Build.0 = Debug|Any CPU
		{A1809B0B-EEFA-4B76-843A-B064FA2283F8}.Release|Any CPU.ActiveCfg = Release|Any CPU
		{A1809B0B-EEFA-4B76-843A-B064FA2283F8}.Release|Any CPU.Build.0 = Release|Any CPU
	EndGlobalSection
	GlobalSection(SolutionProperties) = preSolution
		HideSolutionNode = FALSE
	EndGlobalSection
	GlobalSection(ExtensibilityGlobals) = postSolution
		SolutionGuid = {C8182B82-26DF-4D4D-A0CF-3BAAB0FD4DAC}
	EndGlobalSection
EndGlobal
