
Microsoft Visual Studio Solution File, Format Version 12.00
# Visual Studio Version 17
VisualStudioVersion = 17.5.33424.131
MinimumVisualStudioVersion = 10.0.40219.1
Project("{FAE04EC0-301F-11D3-BF4B-00C04F79EFBC}") = "practica33", "practica33\practica33.csproj", "{699DFADA-DEB8-431D-A748-A72F0D7B3CC4}"
EndProject
Global
	GlobalSection(SolutionConfigurationPlatforms) = preSolution
		Debug|Any CPU = Debug|Any CPU
		Release|Any CPU = Release|Any CPU
	EndGlobalSection
	GlobalSection(ProjectConfigurationPlatforms) = postSolution
		{699DFADA-DEB8-431D-A748-A72F0D7B3CC4}.Debug|Any CPU.ActiveCfg = Debug|Any CPU
		{699DFADA-DEB8-431D-A748-A72F0D7B3CC4}.Debug|Any CPU.Build.0 = Debug|Any CPU
		{699DFADA-DEB8-431D-A748-A72F0D7B3CC4}.Release|Any CPU.ActiveCfg = Release|Any CPU
		{699DFADA-DEB8-431D-A748-A72F0D7B3CC4}.Release|Any CPU.Build.0 = Release|Any CPU
	EndGlobalSection
	GlobalSection(SolutionProperties) = preSolution
		HideSolutionNode = FALSE
	EndGlobalSection
	GlobalSection(ExtensibilityGlobals) = postSolution
		SolutionGuid = {0EBFD19D-37FE-49D2-92F1-7358A4D456E9}
	EndGlobalSection
EndGlobal
