
Microsoft Visual Studio Solution File, Format Version 12.00
# Visual Studio Version 17
VisualStudioVersion = 17.5.33424.131
MinimumVisualStudioVersion = 10.0.40219.1
Project("{FAE04EC0-301F-11D3-BF4B-00C04F79EFBC}") = "practica42", "practica42\practica42.csproj", "{1DCDF428-2DC5-4C6B-AEBD-AE49A84FD63B}"
EndProject
Global
	GlobalSection(SolutionConfigurationPlatforms) = preSolution
		Debug|Any CPU = Debug|Any CPU
		Release|Any CPU = Release|Any CPU
	EndGlobalSection
	GlobalSection(ProjectConfigurationPlatforms) = postSolution
		{1DCDF428-2DC5-4C6B-AEBD-AE49A84FD63B}.Debug|Any CPU.ActiveCfg = Debug|Any CPU
		{1DCDF428-2DC5-4C6B-AEBD-AE49A84FD63B}.Debug|Any CPU.Build.0 = Debug|Any CPU
		{1DCDF428-2DC5-4C6B-AEBD-AE49A84FD63B}.Release|Any CPU.ActiveCfg = Release|Any CPU
		{1DCDF428-2DC5-4C6B-AEBD-AE49A84FD63B}.Release|Any CPU.Build.0 = Release|Any CPU
	EndGlobalSection
	GlobalSection(SolutionProperties) = preSolution
		HideSolutionNode = FALSE
	EndGlobalSection
	GlobalSection(ExtensibilityGlobals) = postSolution
		SolutionGuid = {46084E25-EF56-4568-99E6-946F3B2DA21E}
	EndGlobalSection
EndGlobal
