
Microsoft Visual Studio Solution File, Format Version 12.00
# Visual Studio Version 17
VisualStudioVersion = 17.5.33424.131
MinimumVisualStudioVersion = 10.0.40219.1
Project("{FAE04EC0-301F-11D3-BF4B-00C04F79EFBC}") = "practica38", "practica38\practica38.csproj", "{549DCFFE-83B4-4EE0-B761-4C207F71AD6C}"
EndProject
Global
	GlobalSection(SolutionConfigurationPlatforms) = preSolution
		Debug|Any CPU = Debug|Any CPU
		Release|Any CPU = Release|Any CPU
	EndGlobalSection
	GlobalSection(ProjectConfigurationPlatforms) = postSolution
		{549DCFFE-83B4-4EE0-B761-4C207F71AD6C}.Debug|Any CPU.ActiveCfg = Debug|Any CPU
		{549DCFFE-83B4-4EE0-B761-4C207F71AD6C}.Debug|Any CPU.Build.0 = Debug|Any CPU
		{549DCFFE-83B4-4EE0-B761-4C207F71AD6C}.Release|Any CPU.ActiveCfg = Release|Any CPU
		{549DCFFE-83B4-4EE0-B761-4C207F71AD6C}.Release|Any CPU.Build.0 = Release|Any CPU
	EndGlobalSection
	GlobalSection(SolutionProperties) = preSolution
		HideSolutionNode = FALSE
	EndGlobalSection
	GlobalSection(ExtensibilityGlobals) = postSolution
		SolutionGuid = {3CDBDB28-C5A3-4026-9EB3-809C9FA82D55}
	EndGlobalSection
EndGlobal
