
Microsoft Visual Studio Solution File, Format Version 12.00
# Visual Studio Version 17
VisualStudioVersion = 17.5.33424.131
MinimumVisualStudioVersion = 10.0.40219.1
Project("{FAE04EC0-301F-11D3-BF4B-00C04F79EFBC}") = "practica37", "practica37\practica37.csproj", "{3D2157BC-745D-48B2-8A46-C61A8BCF5AA4}"
EndProject
Global
	GlobalSection(SolutionConfigurationPlatforms) = preSolution
		Debug|Any CPU = Debug|Any CPU
		Release|Any CPU = Release|Any CPU
	EndGlobalSection
	GlobalSection(ProjectConfigurationPlatforms) = postSolution
		{3D2157BC-745D-48B2-8A46-C61A8BCF5AA4}.Debug|Any CPU.ActiveCfg = Debug|Any CPU
		{3D2157BC-745D-48B2-8A46-C61A8BCF5AA4}.Debug|Any CPU.Build.0 = Debug|Any CPU
		{3D2157BC-745D-48B2-8A46-C61A8BCF5AA4}.Release|Any CPU.ActiveCfg = Release|Any CPU
		{3D2157BC-745D-48B2-8A46-C61A8BCF5AA4}.Release|Any CPU.Build.0 = Release|Any CPU
	EndGlobalSection
	GlobalSection(SolutionProperties) = preSolution
		HideSolutionNode = FALSE
	EndGlobalSection
	GlobalSection(ExtensibilityGlobals) = postSolution
		SolutionGuid = {3EEFC7AD-6A07-46B1-BDFF-50E43DC3F3B3}
	EndGlobalSection
EndGlobal
