
Microsoft Visual Studio Solution File, Format Version 12.00
# Visual Studio Version 17
VisualStudioVersion = 17.5.33424.131
MinimumVisualStudioVersion = 10.0.40219.1
Project("{FAE04EC0-301F-11D3-BF4B-00C04F79EFBC}") = "practica44", "practica44\practica44.csproj", "{AD646634-E364-4874-A5D1-6D80A63A52C1}"
EndProject
Global
	GlobalSection(SolutionConfigurationPlatforms) = preSolution
		Debug|Any CPU = Debug|Any CPU
		Release|Any CPU = Release|Any CPU
	EndGlobalSection
	GlobalSection(ProjectConfigurationPlatforms) = postSolution
		{AD646634-E364-4874-A5D1-6D80A63A52C1}.Debug|Any CPU.ActiveCfg = Debug|Any CPU
		{AD646634-E364-4874-A5D1-6D80A63A52C1}.Debug|Any CPU.Build.0 = Debug|Any CPU
		{AD646634-E364-4874-A5D1-6D80A63A52C1}.Release|Any CPU.ActiveCfg = Release|Any CPU
		{AD646634-E364-4874-A5D1-6D80A63A52C1}.Release|Any CPU.Build.0 = Release|Any CPU
	EndGlobalSection
	GlobalSection(SolutionProperties) = preSolution
		HideSolutionNode = FALSE
	EndGlobalSection
	GlobalSection(ExtensibilityGlobals) = postSolution
		SolutionGuid = {05860743-01D1-4662-941A-BF4116ADAFC3}
	EndGlobalSection
EndGlobal
