
Microsoft Visual Studio Solution File, Format Version 12.00
# Visual Studio Version 17
VisualStudioVersion = 17.5.33424.131
MinimumVisualStudioVersion = 10.0.40219.1
Project("{FAE04EC0-301F-11D3-BF4B-00C04F79EFBC}") = "practica12", "practica12\practica12.csproj", "{03A62A70-AA13-4D00-802C-E76998D5DBAC}"
EndProject
Global
	GlobalSection(SolutionConfigurationPlatforms) = preSolution
		Debug|Any CPU = Debug|Any CPU
		Release|Any CPU = Release|Any CPU
	EndGlobalSection
	GlobalSection(ProjectConfigurationPlatforms) = postSolution
		{03A62A70-AA13-4D00-802C-E76998D5DBAC}.Debug|Any CPU.ActiveCfg = Debug|Any CPU
		{03A62A70-AA13-4D00-802C-E76998D5DBAC}.Debug|Any CPU.Build.0 = Debug|Any CPU
		{03A62A70-AA13-4D00-802C-E76998D5DBAC}.Release|Any CPU.ActiveCfg = Release|Any CPU
		{03A62A70-AA13-4D00-802C-E76998D5DBAC}.Release|Any CPU.Build.0 = Release|Any CPU
	EndGlobalSection
	GlobalSection(SolutionProperties) = preSolution
		HideSolutionNode = FALSE
	EndGlobalSection
	GlobalSection(ExtensibilityGlobals) = postSolution
		SolutionGuid = {87A2D06D-7EDC-4C08-B663-E65504A554EA}
	EndGlobalSection
EndGlobal
